PODS:
  - BaiduMapAPI (2.8.1):
    - BaiduMapAPI/Default (= 2.8.1)
  - BaiduMapAPI/Default (2.8.1):
    - BaiduMapAPI/Universal
  - BaiduMapAPI/Universal (2.8.1)
  - SMTableView (2.3.4):
    - UITableView+FDTemplateLayoutCell (~> 1.3)
  - UITableView+FDTemplateLayoutCell (1.6)

DEPENDENCIES:
  - BaiduMapAPI
  - SMTableView

SPEC CHECKSUMS:
  BaiduMapAPI: 2d03e12a51d5c6c49ece555c6bdda8562635cc02
  SMTableView: 5add0d695ee5c49b6806152750b184b2fabe2e45
  UITableView+FDTemplateLayoutCell: 5c949b4a5059c404b442926c0e80f81d10a2d66f

PODFILE CHECKSUM: 0bc74587147887443efe2d4e2d29276a4ca3f3cd

COCOAPODS: 1.2.0.beta.3
